
Microsoft Visual Studio Solution File, Format Version 12.00
# Visual Studio 15
VisualStudioVersion = 15.0.28010.2003
MinimumVisualStudioVersion = 10.0.40219.1
Project("{FAE04EC0-301F-11D3-BF4B-00C04F79EFBC}") = "Form_HechoEnClases", "Form_HechoEnClases\Form_HechoEnClases.csproj", "{2987D038-2D7E-442E-92EF-7B812307BA89}"
EndProject
Global
	GlobalSection(SolutionConfigurationPlatforms) = preSolution
		Debug|Any CPU = Debug|Any CPU
		Release|Any CPU = Release|Any CPU
	EndGlobalSection
	GlobalSection(ProjectConfigurationPlatforms) = postSolution
		{2987D038-2D7E-442E-92EF-7B812307BA89}.Debug|Any CPU.ActiveCfg = Debug|Any CPU
		{2987D038-2D7E-442E-92EF-7B812307BA89}.Debug|Any CPU.Build.0 = Debug|Any CPU
		{2987D038-2D7E-442E-92EF-7B812307BA89}.Release|Any CPU.ActiveCfg = Release|Any CPU
		{2987D038-2D7E-442E-92EF-7B812307BA89}.Release|Any CPU.Build.0 = Release|Any CPU
	EndGlobalSection
	GlobalSection(SolutionProperties) = preSolution
		HideSolutionNode = FALSE
	EndGlobalSection
	GlobalSection(ExtensibilityGlobals) = postSolution
		SolutionGuid = {7C61A352-DA33-4CAA-87A1-B8453D425730}
	EndGlobalSection
EndGlobal
